Microsoft Visual Studio Solution File, Format Version 8.00
Project("{FAE04EC0-301F-11D3-BF4B-00C04F79EFBC}") = "LocusEffects", "..\LocusEffects\LocusEffects.csproj", "{B31C2C9E-C8E5-4C83-B2FF-A996AD9DB80C}"
	ProjectSection(ProjectDependencies) = postProject
	EndProjectSection
EndProject
Project("{FAE04EC0-301F-11D3-BF4B-00C04F79EFBC}") = "TestLocusEffects", "TestLocusEffects.csproj", "{A90FD769-746C-4024-8566-4D60DDE17150}"
	ProjectSection(ProjectDependencies) = postProject
		{B31C2C9E-C8E5-4C83-B2FF-A996AD9DB80C} = {B31C2C9E-C8E5-4C83-B2FF-A996AD9DB80C}
	EndProjectSection
EndProject
Global
	GlobalSection(SolutionConfiguration) = preSolution
		Debug = Debug
		Release = Release
	EndGlobalSection
	GlobalSection(ProjectConfiguration) = postSolution
		{B31C2C9E-C8E5-4C83-B2FF-A996AD9DB80C}.Debug.ActiveCfg = Debug|.NET
		{B31C2C9E-C8E5-4C83-B2FF-A996AD9DB80C}.Debug.Build.0 = Debug|.NET
		{B31C2C9E-C8E5-4C83-B2FF-A996AD9DB80C}.Release.ActiveCfg = Release|.NET
		{B31C2C9E-C8E5-4C83-B2FF-A996AD9DB80C}.Release.Build.0 = Release|.NET
		{A90FD769-746C-4024-8566-4D60DDE17150}.Debug.ActiveCfg = Debug|.NET
		{A90FD769-746C-4024-8566-4D60DDE17150}.Debug.Build.0 = Debug|.NET
		{A90FD769-746C-4024-8566-4D60DDE17150}.Release.ActiveCfg = Release|.NET
		{A90FD769-746C-4024-8566-4D60DDE17150}.Release.Build.0 = Release|.NET
	EndGlobalSection
	GlobalSection(ExtensibilityGlobals) = postSolution
	EndGlobalSection
	GlobalSection(ExtensibilityAddIns) = postSolution
	EndGlobalSection
EndGlobal
