
Microsoft Visual Studio Solution File, Format Version 10.00
# Visual C# Express 2008
Project("{FAE04EC0-301F-11D3-BF4B-00C04F79EFBC}") = "OpenGLLocusEffect", "OpenGLLocusEffect.csproj", "{1ED727C7-6F74-4EB0-BF14-CED08673C302}"
EndProject
Global
	GlobalSection(SolutionConfigurationPlatforms) = preSolution
		Debug + OpenGL|Any CPU = Debug + OpenGL|Any CPU
		Debug|Any CPU = Debug|Any CPU
		Release|Any CPU = Release|Any CPU
	EndGlobalSection
	GlobalSection(ProjectConfigurationPlatforms) = postSolution
		{1ED727C7-6F74-4EB0-BF14-CED08673C302}.Debug + OpenGL|Any CPU.ActiveCfg = Debug + OpenGL|Any CPU
		{1ED727C7-6F74-4EB0-BF14-CED08673C302}.Debug + OpenGL|Any CPU.Build.0 = Debug + OpenGL|Any CPU
		{1ED727C7-6F74-4EB0-BF14-CED08673C302}.Debug|Any CPU.ActiveCfg = Debug|Any CPU
		{1ED727C7-6F74-4EB0-BF14-CED08673C302}.Debug|Any CPU.Build.0 = Debug|Any CPU
		{1ED727C7-6F74-4EB0-BF14-CED08673C302}.Release|Any CPU.ActiveCfg = Release|Any CPU
		{1ED727C7-6F74-4EB0-BF14-CED08673C302}.Release|Any CPU.Build.0 = Release|Any CPU
	EndGlobalSection
	GlobalSection(SolutionProperties) = preSolution
		HideSolutionNode = FALSE
	EndGlobalSection
EndGlobal
